{
  "name": "@rumiancev/sp-react-formfields",
  "version": "0.5.4",
  "lockfileVersion": 1,
  "requires": true,
  "dependencies": {
    "@microsoft/load-themed-styles": {
      "version": "1.7.56",
      "resolved": "https://registry.npmjs.org/@microsoft/load-themed-styles/-/load-themed-styles-1.7.56.tgz",
      "integrity": "sha1-/fyQ+yS9QnMx1xuDzLjtJ69/4pM=",
      "dev": true
    },
    "@pnp/common": {
      "version": "1.0.5-1",
      "resolved": "https://registry.npmjs.org/@pnp/common/-/common-1.0.5-1.tgz",
      "integrity": "sha1-pnLcLI71ZgNJ2cI+Xm05W839xlM=",
      "dev": true,
      "requires": {
        "@types/adal-angular": "1.0.0",
        "adal-angular": "1.0.17",
        "tslib": "1.9.0"
      }
    },
    "@pnp/logging": {
      "version": "1.0.5-1",
      "resolved": "https://registry.npmjs.org/@pnp/logging/-/logging-1.0.5-1.tgz",
      "integrity": "sha1-suMaAQEVsoAJrewGRGdtnwjFkng=",
      "dev": true,
      "requires": {
        "tslib": "1.9.0"
      }
    },
    "@pnp/odata": {
      "version": "1.0.5-1",
      "resolved": "https://registry.npmjs.org/@pnp/odata/-/odata-1.0.5-1.tgz",
      "integrity": "sha1-VxHkPQVg88wqK0e5kqxOV22fOVY=",
      "dev": true,
      "requires": {
        "tslib": "1.9.0"
      }
    },
    "@pnp/sp": {
      "version": "1.0.5-1",
      "resolved": "https://registry.npmjs.org/@pnp/sp/-/sp-1.0.5-1.tgz",
      "integrity": "sha1-dOcGsMCUdF7YLtCPUySrxESVRaA=",
      "dev": true,
      "requires": {
        "tslib": "1.9.0"
      }
    },
    "@types/adal-angular": {
      "version": "1.0.0",
      "resolved": "https://registry.npmjs.org/@types/adal-angular/-/adal-angular-1.0.0.tgz",
      "integrity": "sha512-llI47lHZNDhMtnRKTZ8WsTsBGF5vfFsxYiNu2FwKaucs9z/2ZdjuOMSHeZQsE8BUd5Tg/n4dbsdhbMV8inUAgw==",
      "dev": true
    },
    "@types/react": {
      "version": "16.3.14",
      "resolved": "https://registry.npmjs.org/@types/react/-/react-16.3.14.tgz",
      "integrity": "sha512-wNUGm49fPl7eE2fnYdF0v5vSOrUMdKMQD/4NwtQRnb6mnPwtkhabmuFz37eq90+hhyfz0pWd38jkZHOcaZ6LGw==",
      "dev": true,
      "requires": {
        "csstype": "2.5.0"
      }
    },
    "@uifabric/icons": {
      "version": "5.7.1",
      "resolved": "https://registry.npmjs.org/@uifabric/icons/-/icons-5.7.1.tgz",
      "integrity": "sha512-UwfDU6A0bj/QAdTsO20g9mrKXo3zxvumkBWx0F0sEHn1DF/IQDiq4zYVBjRZ3NikQe2o7koWe3Gb0NR84Qr2Sg==",
      "dev": true,
      "requires": {
        "@uifabric/styling": "5.30.1",
        "tslib": "1.9.0"
      }
    },
    "@uifabric/merge-styles": {
      "version": "5.17.0",
      "resolved": "https://registry.npmjs.org/@uifabric/merge-styles/-/merge-styles-5.17.0.tgz",
      "integrity": "sha512-xA4sbfKgOAx42gD56/ch8hWI6b7Gp70JM0kMnTIyF0oPWd12Lkvm5IVy1QZWxPE9YENIj5fn/mFWV2qkWKnJxQ==",
      "dev": true,
      "requires": {
        "tslib": "1.9.0"
      }
    },
    "@uifabric/styling": {
      "version": "5.30.1",
      "resolved": "https://registry.npmjs.org/@uifabric/styling/-/styling-5.30.1.tgz",
      "integrity": "sha512-FIPfljABxmhOp7f2ppR3/07D055dtAygtk5MIVhTzrJsyJuVFU560k7EyxJzXoMFptRaA3TH4obROP6qe8jQgA==",
      "dev": true,
      "requires": {
        "@microsoft/load-themed-styles": "1.7.56",
        "@uifabric/merge-styles": "5.17.0",
        "@uifabric/utilities": "5.30.1",
        "tslib": "1.9.0"
      }
    },
    "@uifabric/utilities": {
      "version": "5.30.1",
      "resolved": "https://registry.npmjs.org/@uifabric/utilities/-/utilities-5.30.1.tgz",
      "integrity": "sha512-IbLhsCjkubLv/yAx+OxIQjXhGXxy5J7WpZMzsV9lPM6/CLXdfSkU5eX9C0FsvnGGzdaG2TzVqUFks1Z3VrqZFA==",
      "dev": true,
      "requires": {
        "@uifabric/merge-styles": "5.17.0",
        "prop-types": "15.6.1",
        "tslib": "1.9.0"
      }
    },
    "adal-angular": {
      "version": "1.0.17",
      "resolved": "https://registry.npmjs.org/adal-angular/-/adal-angular-1.0.17.tgz",
      "integrity": "sha1-bpNuDkH5HTsqiOf/ypwvb29WLMQ=",
      "dev": true
    },
    "asap": {
      "version": "2.0.6",
      "resolved": "https://registry.npmjs.org/asap/-/asap-2.0.6.tgz",
      "integrity": "sha1-5QNHYR1+aQlDIIu9r+vLwvuGbUY=",
      "dev": true
    },
    "core-js": {
      "version": "1.2.7",
      "resolved": "https://registry.npmjs.org/core-js/-/core-js-1.2.7.tgz",
      "integrity": "sha1-ZSKUwUZR2yj6k70tX/KYOk8IxjY=",
      "dev": true
    },
    "csstype": {
      "version": "2.5.0",
      "resolved": "https://registry.npmjs.org/csstype/-/csstype-2.5.0.tgz",
      "integrity": "sha512-KyGTo7/Y1lIK+JIfZ4LNEFdjN5lYwmJPpiP2fJbZF9LL95sY4CvUibobzzyXVsiuiD/oKcCzGZfT7WWZxHvkCw==",
      "dev": true
    },
    "doctrine": {
      "version": "0.7.2",
      "resolved": "https://registry.npmjs.org/doctrine/-/doctrine-0.7.2.tgz",
      "integrity": "sha1-fLhgNZujvpDgQLJrcpzkv6ZUxSM=",
      "dev": true,
      "requires": {
        "esutils": "1.1.6",
        "isarray": "0.0.1"
      }
    },
    "encoding": {
      "version": "0.1.12",
      "resolved": "https://registry.npmjs.org/encoding/-/encoding-0.1.12.tgz",
      "integrity": "sha1-U4tm8+5izRq1HsMjgp0flIDHS+s=",
      "dev": true,
      "requires": {
        "iconv-lite": "0.4.23"
      }
    },
    "eslint-config-standard": {
      "version": "11.0.0",
      "resolved": "https://registry.npmjs.org/eslint-config-standard/-/eslint-config-standard-11.0.0.tgz",
      "integrity": "sha512-oDdENzpViEe5fwuRCWla7AXQd++/oyIp8zP+iP9jiUPG6NBj3SHgdgtl/kTn00AjeN+1HNvavTKmYbMo+xMOlw==",
      "dev": true
    },
    "esutils": {
      "version": "1.1.6",
      "resolved": "https://registry.npmjs.org/esutils/-/esutils-1.1.6.tgz",
      "integrity": "sha1-wBzKqa5LiXxtDD4hCuUvPHqEQ3U=",
      "dev": true
    },
    "fbjs": {
      "version": "0.8.16",
      "resolved": "https://registry.npmjs.org/fbjs/-/fbjs-0.8.16.tgz",
      "integrity": "sha1-XmdDL1UNxBtXK/VYR7ispk5TN9s=",
      "dev": true,
      "requires": {
        "core-js": "1.2.7",
        "isomorphic-fetch": "2.2.1",
        "loose-envify": "1.3.1",
        "object-assign": "4.1.1",
        "promise": "7.3.1",
        "setimmediate": "1.0.5",
        "ua-parser-js": "0.7.18"
      }
    },
    "iconv-lite": {
      "version": "0.4.23",
      "resolved": "https://registry.npmjs.org/iconv-lite/-/iconv-lite-0.4.23.tgz",
      "integrity": "sha512-neyTUVFtahjf0mB3dZT77u+8O0QB89jFdnBkd5P1JgYPbPaia3gXXOVL2fq8VyU2gMMD7SaN7QukTB/pmXYvDA==",
      "dev": true,
      "requires": {
        "safer-buffer": "2.1.2"
      }
    },
    "is-stream": {
      "version": "1.1.0",
      "resolved": "https://registry.npmjs.org/is-stream/-/is-stream-1.1.0.tgz",
      "integrity": "sha1-EtSj3U5o4Lec6428hBc66A2RykQ=",
      "dev": true
    },
    "isarray": {
      "version": "0.0.1",
      "resolved": "https://registry.npmjs.org/isarray/-/isarray-0.0.1.tgz",
      "integrity": "sha1-ihis/Kmo9Bd+Cav8YDiTmwXR7t8=",
      "dev": true
    },
    "isomorphic-fetch": {
      "version": "2.2.1",
      "resolved": "https://registry.npmjs.org/isomorphic-fetch/-/isomorphic-fetch-2.2.1.tgz",
      "integrity": "sha1-YRrhrPFPXoH3KVB0coGf6XM1WKk=",
      "dev": true,
      "requires": {
        "node-fetch": "1.7.3",
        "whatwg-fetch": "2.0.4"
      }
    },
    "js-tokens": {
      "version": "3.0.2",
      "resolved": "https://registry.npmjs.org/js-tokens/-/js-tokens-3.0.2.tgz",
      "integrity": "sha1-mGbfOVECEw449/mWvOtlRDIJwls=",
      "dev": true
    },
    "loose-envify": {
      "version": "1.3.1",
      "resolved": "https://registry.npmjs.org/loose-envify/-/loose-envify-1.3.1.tgz",
      "integrity": "sha1-0aitM/qc4OcT1l/dCsi3SNR4yEg=",
      "dev": true,
      "requires": {
        "js-tokens": "3.0.2"
      }
    },
    "node-fetch": {
      "version": "1.7.3",
      "resolved": "https://registry.npmjs.org/node-fetch/-/node-fetch-1.7.3.tgz",
      "integrity": "sha512-NhZ4CsKx7cYm2vSrBAr2PvFOe6sWDf0UYLRqA6svUYg7+/TSfVAu49jYC4BvQ4Sms9SZgdqGBgroqfDhJdTyKQ==",
      "dev": true,
      "requires": {
        "encoding": "0.1.12",
        "is-stream": "1.1.0"
      }
    },
    "object-assign": {
      "version": "4.1.1",
      "resolved": "https://registry.npmjs.org/object-assign/-/object-assign-4.1.1.tgz",
      "integrity": "sha1-IQmtx5ZYh8/AXLvUQsrIv7s2CGM=",
      "dev": true
    },
    "office-ui-fabric-react": {
      "version": "5.98.0",
      "resolved": "https://registry.npmjs.org/office-ui-fabric-react/-/office-ui-fabric-react-5.98.0.tgz",
      "integrity": "sha512-uxITn0c3mUrgviRq6u7TGJbQs2sFokK7gp7dkKzKus1K6yYUOl42YrZ3T5E6KlKRR92vhl31PkRZzVolCmiCjA==",
      "dev": true,
      "requires": {
        "@microsoft/load-themed-styles": "1.7.56",
        "@uifabric/icons": "5.7.1",
        "@uifabric/merge-styles": "5.17.0",
        "@uifabric/styling": "5.30.1",
        "@uifabric/utilities": "5.30.1",
        "prop-types": "15.6.1",
        "tslib": "1.9.0"
      }
    },
    "promise": {
      "version": "7.3.1",
      "resolved": "https://registry.npmjs.org/promise/-/promise-7.3.1.tgz",
      "integrity": "sha512-nolQXZ/4L+bP/UGlkfaIujX9BKxGwmQ9OT4mOt5yvy8iK1h3wqTEJCijzGANTCCl9nWjY41juyAn2K3Q1hLLTg==",
      "dev": true,
      "requires": {
        "asap": "2.0.6"
      }
    },
    "prop-types": {
      "version": "15.6.1",
      "resolved": "https://registry.npmjs.org/prop-types/-/prop-types-15.6.1.tgz",
      "integrity": "sha512-4ec7bY1Y66LymSUOH/zARVYObB23AT2h8cf6e/O6ZALB/N0sqZFEx7rq6EYPX2MkOdKORuooI/H5k9TlR4q7kQ==",
      "dev": true,
      "requires": {
        "fbjs": "0.8.16",
        "loose-envify": "1.3.1",
        "object-assign": "4.1.1"
      }
    },
    "react": {
      "version": "16.3.2",
      "resolved": "https://registry.npmjs.org/react/-/react-16.3.2.tgz",
      "integrity": "sha512-o5GPdkhciQ3cEph6qgvYB7LTOHw/GB0qRI6ZFNugj49qJCFfgHwVNjZ5u+b7nif4vOeMIOuYj3CeYe2IBD74lg==",
      "dev": true,
      "requires": {
        "fbjs": "0.8.16",
        "loose-envify": "1.3.1",
        "object-assign": "4.1.1",
        "prop-types": "15.6.1"
      }
    },
    "react-dom": {
      "version": "16.3.2",
      "resolved": "https://registry.npmjs.org/react-dom/-/react-dom-16.3.2.tgz",
      "integrity": "sha512-MMPko3zYncNrz/7gG17wJWUREZDvskZHXOwbttzl0F0L3wDmToyuETuo/r8Y5yvDejwYcRyWI1lvVBjLJWFwKA==",
      "dev": true,
      "requires": {
        "fbjs": "0.8.16",
        "loose-envify": "1.3.1",
        "object-assign": "4.1.1",
        "prop-types": "15.6.1"
      }
    },
    "react-stateful": {
      "version": "1.0.1",
      "resolved": "https://registry.npmjs.org/react-stateful/-/react-stateful-1.0.1.tgz",
      "integrity": "sha1-yEYhBCCiqgxhrmYCMS1sK0RqFVU="
    },
    "react-waterfall": {
      "version": "3.0.7",
      "resolved": "https://registry.npmjs.org/react-waterfall/-/react-waterfall-3.0.7.tgz",
      "integrity": "sha512-V/ZOG4hYI/PHUoBBrTNMYKI2wuvAWkn7+8liNszbBA8zeaarWBEggnxXj2XcUE5X0nC3ASUEjnEaw4okcJwgcg=="
    },
    "safer-buffer": {
      "version": "2.1.2",
      "resolved": "https://registry.npmjs.org/safer-buffer/-/safer-buffer-2.1.2.tgz",
      "integrity": "sha512-YZo3K82SD7Riyi0E1EQPojLz7kpepnSQI9IyPbHHg1XXXevb5dJI7tpyN2ADxGcQbHG7vcyRHk0cbwqcQriUtg==",
      "dev": true
    },
    "setimmediate": {
      "version": "1.0.5",
      "resolved": "https://registry.npmjs.org/setimmediate/-/setimmediate-1.0.5.tgz",
      "integrity": "sha1-KQy7Iy4waULX1+qbg3Mqt4VvgoU=",
      "dev": true
    },
    "tslib": {
      "version": "1.9.0",
      "resolved": "https://registry.npmjs.org/tslib/-/tslib-1.9.0.tgz",
      "integrity": "sha512-f/qGG2tUkrISBlQZEjEqoZ3B2+npJjIf04H1wuAv9iA8i04Icp+61KRXxFdha22670NJopsZCIjhC3SnjPRKrQ==",
      "dev": true
    },
    "tslint-config-standard": {
      "version": "7.0.0",
      "resolved": "https://registry.npmjs.org/tslint-config-standard/-/tslint-config-standard-7.0.0.tgz",
      "integrity": "sha512-QCrLt8WwiRgZpRSgRsk6cExy8/Vipa/5fHespm4Q1ly90EB6Lni04Ub8dkEW10bV3fPN3SkxEwj41ZOe/knCZA==",
      "dev": true,
      "requires": {
        "tslint-eslint-rules": "4.1.1"
      }
    },
    "tslint-eslint-rules": {
      "version": "4.1.1",
      "resolved": "https://registry.npmjs.org/tslint-eslint-rules/-/tslint-eslint-rules-4.1.1.tgz",
      "integrity": "sha1-fDDniC8mvCdr/5HSOEl1xp2viLo=",
      "dev": true,
      "requires": {
        "doctrine": "0.7.2",
        "tslib": "1.9.0",
        "tsutils": "1.9.1"
      }
    },
    "tsutils": {
      "version": "1.9.1",
      "resolved": "https://registry.npmjs.org/tsutils/-/tsutils-1.9.1.tgz",
      "integrity": "sha1-ufmrROVa+WgYMdXyjQrur1x1DLA=",
      "dev": true
    },
    "ua-parser-js": {
      "version": "0.7.18",
      "resolved": "https://registry.npmjs.org/ua-parser-js/-/ua-parser-js-0.7.18.tgz",
      "integrity": "sha512-LtzwHlVHwFGTptfNSgezHp7WUlwiqb0gA9AALRbKaERfxwJoiX0A73QbTToxteIAuIaFshhgIZfqK8s7clqgnA==",
      "dev": true
    },
    "whatwg-fetch": {
      "version": "2.0.4",
      "resolved": "https://registry.npmjs.org/whatwg-fetch/-/whatwg-fetch-2.0.4.tgz",
      "integrity": "sha512-dcQ1GWpOD/eEQ97k66aiEVpNnapVj90/+R+SXTPYGHpYBBypfKJEQjLrvMZ7YXbKm21gXd4NcuxUTjiv1YtLng==",
      "dev": true
    }
  }
}
